
Microsoft Visual Studio Solution File, Format Version 12.00
# Visual Studio 14
VisualStudioVersion = 14.0.25420.1
MinimumVisualStudioVersion = 10.0.40219.1
Project("{2150E333-8FDC-42A3-9474-1A3956D46DE8}") = "Algorithms", "Algorithms", "{ED525FE6-3EA5-4EEC-BDAE-DF5E311E144D}"
EndProject
Project("{2150E333-8FDC-42A3-9474-1A3956D46DE8}") = "Utils", "Utils", "{A1BB8270-9236-4C99-A900-CDFB0BD03C2C}"
EndProject
Project("{FAE04EC0-301F-11D3-BF4B-00C04F79EFBC}") = "BaseTestFixture", "BaseTestFixture\BaseTestFixture.csproj", "{6CC7F771-91E8-43CB-BC3B-F55E03CF41A6}"
EndProject
Project("{2150E333-8FDC-42A3-9474-1A3956D46DE8}") = "Tutorials", "Tutorials", "{6D34DE4F-76D8-44F2-9B82-C67DB8879342}"
EndProject
Project("{FAE04EC0-301F-11D3-BF4B-00C04F79EFBC}") = "30daysOfCode", "Tutorials\30daysOfCode\30daysOfCode.csproj", "{4E3EB559-9A7E-4D50-9D68-62BD971B07A1}"
EndProject
Project("{FAE04EC0-301F-11D3-BF4B-00C04F79EFBC}") = "02-Implementation", "Algorithms\02-Implementation\02-Implementation.csproj", "{2CF12680-8E9E-47D0-8FF1-6379052BEA47}"
EndProject
Project("{FAE04EC0-301F-11D3-BF4B-00C04F79EFBC}") = "01-Warnup", "Algorithms\01-Warnup\01-Warnup.csproj", "{B8F7D0FB-90C3-4672-B96F-9EEA1F4E28BA}"
EndProject
Project("{2150E333-8FDC-42A3-9474-1A3956D46DE8}") = "Data Structures", "Data Structures", "{90A10324-71AE-409D-8C15-C5E9817CB9DA}"
EndProject
Project("{FAE04EC0-301F-11D3-BF4B-00C04F79EFBC}") = "01-Arrays", "Data Structures\01-Arrays\01-Arrays.csproj", "{35BB88F2-10FD-4E96-926B-E8AD10E576DD}"
EndProject
Project("{FAE04EC0-301F-11D3-BF4B-00C04F79EFBC}") = "05-Sorting", "Algorithms\05-Sorting\05-Sorting.csproj", "{8DCEA98E-C538-4101-AE72-33D48C6CB06A}"
EndProject
Project("{FAE04EC0-301F-11D3-BF4B-00C04F79EFBC}") = "02-Warnup", "Data Structures\02-Warnup\02-Warnup.csproj", "{681536C7-3BF6-4ED2-8B41-E09C84137564}"
EndProject
Global
	GlobalSection(SolutionConfigurationPlatforms) = preSolution
		Debug|Any CPU = Debug|Any CPU
		Release|Any CPU = Release|Any CPU
	EndGlobalSection
	GlobalSection(ProjectConfigurationPlatforms) = postSolution
		{6CC7F771-91E8-43CB-BC3B-F55E03CF41A6}.Debug|Any CPU.ActiveCfg = Debug|Any CPU
		{6CC7F771-91E8-43CB-BC3B-F55E03CF41A6}.Debug|Any CPU.Build.0 = Debug|Any CPU
		{6CC7F771-91E8-43CB-BC3B-F55E03CF41A6}.Release|Any CPU.ActiveCfg = Release|Any CPU
		{6CC7F771-91E8-43CB-BC3B-F55E03CF41A6}.Release|Any CPU.Build.0 = Release|Any CPU
		{4E3EB559-9A7E-4D50-9D68-62BD971B07A1}.Debug|Any CPU.ActiveCfg = Debug|Any CPU
		{4E3EB559-9A7E-4D50-9D68-62BD971B07A1}.Debug|Any CPU.Build.0 = Debug|Any CPU
		{4E3EB559-9A7E-4D50-9D68-62BD971B07A1}.Release|Any CPU.ActiveCfg = Release|Any CPU
		{4E3EB559-9A7E-4D50-9D68-62BD971B07A1}.Release|Any CPU.Build.0 = Release|Any CPU
		{2CF12680-8E9E-47D0-8FF1-6379052BEA47}.Debug|Any CPU.ActiveCfg = Debug|Any CPU
		{2CF12680-8E9E-47D0-8FF1-6379052BEA47}.Debug|Any CPU.Build.0 = Debug|Any CPU
		{2CF12680-8E9E-47D0-8FF1-6379052BEA47}.Release|Any CPU.ActiveCfg = Release|Any CPU
		{2CF12680-8E9E-47D0-8FF1-6379052BEA47}.Release|Any CPU.Build.0 = Release|Any CPU
		{B8F7D0FB-90C3-4672-B96F-9EEA1F4E28BA}.Debug|Any CPU.ActiveCfg = Debug|Any CPU
		{B8F7D0FB-90C3-4672-B96F-9EEA1F4E28BA}.Debug|Any CPU.Build.0 = Debug|Any CPU
		{B8F7D0FB-90C3-4672-B96F-9EEA1F4E28BA}.Release|Any CPU.ActiveCfg = Release|Any CPU
		{B8F7D0FB-90C3-4672-B96F-9EEA1F4E28BA}.Release|Any CPU.Build.0 = Release|Any CPU
		{35BB88F2-10FD-4E96-926B-E8AD10E576DD}.Debug|Any CPU.ActiveCfg = Debug|Any CPU
		{35BB88F2-10FD-4E96-926B-E8AD10E576DD}.Debug|Any CPU.Build.0 = Debug|Any CPU
		{35BB88F2-10FD-4E96-926B-E8AD10E576DD}.Release|Any CPU.ActiveCfg = Release|Any CPU
		{35BB88F2-10FD-4E96-926B-E8AD10E576DD}.Release|Any CPU.Build.0 = Release|Any CPU
		{8DCEA98E-C538-4101-AE72-33D48C6CB06A}.Debug|Any CPU.ActiveCfg = Debug|Any CPU
		{8DCEA98E-C538-4101-AE72-33D48C6CB06A}.Debug|Any CPU.Build.0 = Debug|Any CPU
		{8DCEA98E-C538-4101-AE72-33D48C6CB06A}.Release|Any CPU.ActiveCfg = Release|Any CPU
		{8DCEA98E-C538-4101-AE72-33D48C6CB06A}.Release|Any CPU.Build.0 = Release|Any CPU
		{681536C7-3BF6-4ED2-8B41-E09C84137564}.Debug|Any CPU.ActiveCfg = Debug|Any CPU
		{681536C7-3BF6-4ED2-8B41-E09C84137564}.Debug|Any CPU.Build.0 = Debug|Any CPU
		{681536C7-3BF6-4ED2-8B41-E09C84137564}.Release|Any CPU.ActiveCfg = Release|Any CPU
		{681536C7-3BF6-4ED2-8B41-E09C84137564}.Release|Any CPU.Build.0 = Release|Any CPU
	EndGlobalSection
	GlobalSection(SolutionProperties) = preSolution
		HideSolutionNode = FALSE
	EndGlobalSection
	GlobalSection(NestedProjects) = preSolution
		{6CC7F771-91E8-43CB-BC3B-F55E03CF41A6} = {A1BB8270-9236-4C99-A900-CDFB0BD03C2C}
		{4E3EB559-9A7E-4D50-9D68-62BD971B07A1} = {6D34DE4F-76D8-44F2-9B82-C67DB8879342}
		{2CF12680-8E9E-47D0-8FF1-6379052BEA47} = {ED525FE6-3EA5-4EEC-BDAE-DF5E311E144D}
		{B8F7D0FB-90C3-4672-B96F-9EEA1F4E28BA} = {ED525FE6-3EA5-4EEC-BDAE-DF5E311E144D}
		{35BB88F2-10FD-4E96-926B-E8AD10E576DD} = {90A10324-71AE-409D-8C15-C5E9817CB9DA}
		{8DCEA98E-C538-4101-AE72-33D48C6CB06A} = {ED525FE6-3EA5-4EEC-BDAE-DF5E311E144D}
		{681536C7-3BF6-4ED2-8B41-E09C84137564} = {90A10324-71AE-409D-8C15-C5E9817CB9DA}
	EndGlobalSection
EndGlobal
